// !$*UTF8*$!
{
	archiveVersion = 1;
	classes = {
	};
	objectVersion = 46;
	objects = {

/* Begin PBXBuildFile section */
		8CB8296014EA74700053FBB7 /* UIKit.framework in Frameworks */ = {isa = PBXBuildFile; fileRef = 8CB8295F14EA74700053FBB7 /* UIKit.framework */; };
		8CB8296214EA74700053FBB7 /* Foundation.framework in Frameworks */ = {isa = PBXBuildFile; fileRef = 8CB8296114EA74700053FBB7 /* Foundation.framework */; };
		8CB8296414EA74700053FBB7 /* CoreGraphics.framework in Frameworks */ = {isa = PBXBuildFile; fileRef = 8CB8296314EA74700053FBB7 /* CoreGraphics.framework */; };
		8CB8296A14EA74700053FBB7 /* InfoPlist.strings in Resources */ = {isa = PBXBuildFile; fileRef = 8CB8296814EA74700053FBB7 /* InfoPlist.strings */; };
		8CB8296C14EA74700053FBB7 /* main.m in Sources */ = {isa = PBXBuildFile; fileRef = 8CB8296B14EA74700053FBB7 /* main.m */; };
		8CB8297014EA74700053FBB7 /* AppDelegate.m in Sources */ = {isa = PBXBuildFile; fileRef = 8CB8296F14EA74700053FBB7 /* AppDelegate.m */; };
		8CB8297A14EA756A0053FBB7 /* ViewController.m in Sources */ = {isa = PBXBuildFile; fileRef = 8CB8297914EA756A0053FBB7 /* ViewController.m */; };
		8CB8297D14EA75B80053FBB7 /* KSGridView.m in Sources */ = {isa = PBXBuildFile; fileRef = 8CB8297C14EA75B80053FBB7 /* KSGridView.m */; };
		8CB829A814EAC7D70053FBB7 /* KSGridViewCell.m in Sources */ = {isa = PBXBuildFile; fileRef = 8CB829A714EAC7D70053FBB7 /* KSGridViewCell.m */; };
		8CB829B814EB1D180053FBB7 /* KSGridViewIndex.m in Sources */ = {isa = PBXBuildFile; fileRef = 8CB829B714EB1D180053FBB7 /* KSGridViewIndex.m */; };
/* End PBXBuildFile section */

/* Begin PBXFileReference section */
		8CB8295B14EA74700053FBB7 /* KSGridViewDemo.app */ = {isa = PBXFileReference; explicitFileType = wrapper.application; includeInIndex = 0; path = KSGridViewDemo.app; sourceTree = BUILT_PRODUCTS_DIR; };
		8CB8295F14EA74700053FBB7 /* UIKit.framework */ = {isa = PBXFileReference; lastKnownFileType = wrapper.framework; name = UIKit.framework; path = System/Library/Frameworks/UIKit.framework; sourceTree = SDKROOT; };
		8CB8296114EA74700053FBB7 /* Foundation.framework */ = {isa = PBXFileReference; lastKnownFileType = wrapper.framework; name = Foundation.framework; path = System/Library/Frameworks/Foundation.framework; sourceTree = SDKROOT; };
		8CB8296314EA74700053FBB7 /* CoreGraphics.framework */ = {isa = PBXFileReference; lastKnownFileType = wrapper.framework; name = CoreGraphics.framework; path = System/Library/Frameworks/CoreGraphics.framework; sourceTree = SDKROOT; };
		8CB8296714EA74700053FBB7 /* KSGridViewDemo-Info.plist */ = {isa = PBXFileReference; lastKnownFileType = text.plist.xml; path = "KSGridViewDemo-Info.plist"; sourceTree = "<group>"; };
		8CB8296914EA74700053FBB7 /* en */ = {isa = PBXFileReference; lastKnownFileType = text.plist.strings; name = en; path = en.lproj/InfoPlist.strings; sourceTree = "<group>"; };
		8CB8296B14EA74700053FBB7 /* main.m */ = {isa = PBXFileReference; lastKnownFileType = sourcecode.c.objc; path = main.m; sourceTree = "<group>"; };
		8CB8296D14EA74700053FBB7 /* KSGridViewDemo-Prefix.pch */ = {isa = PBXFileReference; lastKnownFileType = sourcecode.c.h; path = "KSGridViewDemo-Prefix.pch"; sourceTree = "<group>"; };
		8CB8296E14EA74700053FBB7 /* AppDelegate.h */ = {isa = PBXFileReference; lastKnownFileType = sourcecode.c.h; path = AppDelegate.h; sourceTree = "<group>"; };
		8CB8296F14EA74700053FBB7 /* AppDelegate.m */ = {isa = PBXFileReference; lastKnownFileType = sourcecode.c.objc; path = AppDelegate.m; sourceTree = "<group>"; };
		8CB8297814EA756A0053FBB7 /* ViewController.h */ = {isa = PBXFileReference; fileEncoding = 4; lastKnownFileType = sourcecode.c.h; path = ViewController.h; sourceTree = "<group>"; };
		8CB8297914EA756A0053FBB7 /* ViewController.m */ = {isa = PBXFileReference; fileEncoding = 4; lastKnownFileType = sourcecode.c.objc; path = ViewController.m; sourceTree = "<group>"; };
		8CB8297B14EA75B80053FBB7 /* KSGridView.h */ = {isa = PBXFileReference; fileEncoding = 4; lastKnownFileType = sourcecode.c.h; path = KSGridView.h; sourceTree = "<group>"; };
		8CB8297C14EA75B80053FBB7 /* KSGridView.m */ = {isa = PBXFileReference; fileEncoding = 4; lastKnownFileType = sourcecode.c.objc; path = KSGridView.m; sourceTree = "<group>"; };
		8CB829A614EAC7D70053FBB7 /* KSGridViewCell.h */ = {isa = PBXFileReference; fileEncoding = 4; lastKnownFileType = sourcecode.c.h; path = KSGridViewCell.h; sourceTree = "<group>"; };
		8CB829A714EAC7D70053FBB7 /* KSGridViewCell.m */ = {isa = PBXFileReference; fileEncoding = 4; lastKnownFileType = sourcecode.c.objc; path = KSGridViewCell.m; sourceTree = "<group>"; };
		8CB829B614EB1D180053FBB7 /* KSGridViewIndex.h */ = {isa = PBXFileReference; fileEncoding = 4; lastKnownFileType = sourcecode.c.h; path = KSGridViewIndex.h; sourceTree = "<group>"; };
		8CB829B714EB1D180053FBB7 /* KSGridViewIndex.m */ = {isa = PBXFileReference; fileEncoding = 4; lastKnownFileType = sourcecode.c.objc; path = KSGridViewIndex.m; sourceTree = "<group>"; };
/* End PBXFileReference section */

/* Begin PBXFrameworksBuildPhase section */
		8CB8295814EA74700053FBB7 /* Frameworks */ = {
			isa = PBXFrameworksBuildPhase;
			buildActionMask = 2147483647;
			files = (
				8CB8296014EA74700053FBB7 /* UIKit.framework in Frameworks */,
				8CB8296214EA74700053FBB7 /* Foundation.framework in Frameworks */,
				8CB8296414EA74700053FBB7 /* CoreGraphics.framework in Frameworks */,
			);
			runOnlyForDeploymentPostprocessing = 0;
		};
/* End PBXFrameworksBuildPhase section */

/* Begin PBXGroup section */
		8CB8295014EA74700053FBB7 = {
			isa = PBXGroup;
			children = (
				8CB8296514EA74700053FBB7 /* KSGridViewDemo */,
				8CB8295E14EA74700053FBB7 /* Frameworks */,
				8CB8295C14EA74700053FBB7 /* Products */,
			);
			sourceTree = "<group>";
		};
		8CB8295C14EA74700053FBB7 /* Products */ = {
			isa = PBXGroup;
			children = (
				8CB8295B14EA74700053FBB7 /* KSGridViewDemo.app */,
			);
			name = Products;
			sourceTree = "<group>";
		};
		8CB8295E14EA74700053FBB7 /* Frameworks */ = {
			isa = PBXGroup;
			children = (
				8CB8295F14EA74700053FBB7 /* UIKit.framework */,
				8CB8296114EA74700053FBB7 /* Foundation.framework */,
				8CB8296314EA74700053FBB7 /* CoreGraphics.framework */,
			);
			name = Frameworks;
			sourceTree = "<group>";
		};
		8CB8296514EA74700053FBB7 /* KSGridViewDemo */ = {
			isa = PBXGroup;
			children = (
				8CB8297714EA74FC0053FBB7 /* Classes */,
				8CB8297614EA74F40053FBB7 /* Test */,
				8CB8296E14EA74700053FBB7 /* AppDelegate.h */,
				8CB8296F14EA74700053FBB7 /* AppDelegate.m */,
				8CB8296614EA74700053FBB7 /* Supporting Files */,
			);
			path = KSGridViewDemo;
			sourceTree = "<group>";
		};
		8CB8296614EA74700053FBB7 /* Supporting Files */ = {
			isa = PBXGroup;
			children = (
				8CB8296714EA74700053FBB7 /* KSGridViewDemo-Info.plist */,
				8CB8296814EA74700053FBB7 /* InfoPlist.strings */,
				8CB8296B14EA74700053FBB7 /* main.m */,
				8CB8296D14EA74700053FBB7 /* KSGridViewDemo-Prefix.pch */,
			);
			name = "Supporting Files";
			sourceTree = "<group>";
		};
		8CB8297614EA74F40053FBB7 /* Test */ = {
			isa = PBXGroup;
			children = (
				8CB8297814EA756A0053FBB7 /* ViewController.h */,
				8CB8297914EA756A0053FBB7 /* ViewController.m */,
			);
			path = Test;
			sourceTree = "<group>";
		};
		8CB8297714EA74FC0053FBB7 /* Classes */ = {
			isa = PBXGroup;
			children = (
				8CB8297B14EA75B80053FBB7 /* KSGridView.h */,
				8CB8297C14EA75B80053FBB7 /* KSGridView.m */,
				8CB829A614EAC7D70053FBB7 /* KSGridViewCell.h */,
				8CB829A714EAC7D70053FBB7 /* KSGridViewCell.m */,
				8CB829B614EB1D180053FBB7 /* KSGridViewIndex.h */,
				8CB829B714EB1D180053FBB7 /* KSGridViewIndex.m */,
			);
			name = Classes;
			path = ../../Classes;
			sourceTree = "<group>";
		};
/* End PBXGroup section */

/* Begin PBXNativeTarget section */
		8CB8295A14EA74700053FBB7 /* KSGridViewDemo */ = {
			isa = PBXNativeTarget;
			buildConfigurationList = 8CB8297314EA74700053FBB7 /* Build configuration list for PBXNativeTarget "KSGridViewDemo" */;
			buildPhases = (
				8CB8295714EA74700053FBB7 /* Sources */,
				8CB8295814EA74700053FBB7 /* Frameworks */,
				8CB8295914EA74700053FBB7 /* Resources */,
			);
			buildRules = (
			);
			dependencies = (
			);
			name = KSGridViewDemo;
			productName = KSGridViewDemo;
			productReference = 8CB8295B14EA74700053FBB7 /* KSGridViewDemo.app */;
			productType = "com.apple.product-type.application";
		};
/* End PBXNativeTarget section */

/* Begin PBXProject section */
		8CB8295214EA74700053FBB7 /* Project object */ = {
			isa = PBXProject;
			attributes = {
				LastUpgradeCheck = 0420;
				ORGANIZATIONNAME = algoritmico;
			};
			buildConfigurationList = 8CB8295514EA74700053FBB7 /* Build configuration list for PBXProject "KSGridViewDemo" */;
			compatibilityVersion = "Xcode 3.2";
			developmentRegion = English;
			hasScannedForEncodings = 0;
			knownRegions = (
				en,
			);
			mainGroup = 8CB8295014EA74700053FBB7;
			productRefGroup = 8CB8295C14EA74700053FBB7 /* Products */;
			projectDirPath = "";
			projectRoot = "";
			targets = (
				8CB8295A14EA74700053FBB7 /* KSGridViewDemo */,
			);
		};
/* End PBXProject section */

/* Begin PBXResourcesBuildPhase section */
		8CB8295914EA74700053FBB7 /* Resources */ = {
			isa = PBXResourcesBuildPhase;
			buildActionMask = 2147483647;
			files = (
				8CB8296A14EA74700053FBB7 /* InfoPlist.strings in Resources */,
			);
			runOnlyForDeploymentPostprocessing = 0;
		};
/* End PBXResourcesBuildPhase section */

/* Begin PBXSourcesBuildPhase section */
		8CB8295714EA74700053FBB7 /* Sources */ = {
			isa = PBXSourcesBuildPhase;
			buildActionMask = 2147483647;
			files = (
				8CB8296C14EA74700053FBB7 /* main.m in Sources */,
				8CB8297014EA74700053FBB7 /* AppDelegate.m in Sources */,
				8CB8297A14EA756A0053FBB7 /* ViewController.m in Sources */,
				8CB8297D14EA75B80053FBB7 /* KSGridView.m in Sources */,
				8CB829A814EAC7D70053FBB7 /* KSGridViewCell.m in Sources */,
				8CB829B814EB1D180053FBB7 /* KSGridViewIndex.m in Sources */,
			);
			runOnlyForDeploymentPostprocessing = 0;
		};
/* End PBXSourcesBuildPhase section */

/* Begin PBXVariantGroup section */
		8CB8296814EA74700053FBB7 /* InfoPlist.strings */ = {
			isa = PBXVariantGroup;
			children = (
				8CB8296914EA74700053FBB7 /* en */,
			);
			name = InfoPlist.strings;
			sourceTree = "<group>";
		};
/* End PBXVariantGroup section */

/* Begin XCBuildConfiguration section */
		8CB8297114EA74700053FBB7 /* Debug */ = {
			isa = XCBuildConfiguration;
			buildSettings = {
				ALWAYS_SEARCH_USER_PATHS = NO;
				ARCHS = "$(ARCHS_STANDARD_32_BIT)";
				"CODE_SIGN_IDENTITY[sdk=iphoneos*]" = "iPhone Developer";
				COPY_PHASE_STRIP = NO;
				GCC_C_LANGUAGE_STANDARD = gnu99;
				GCC_DYNAMIC_NO_PIC = NO;
				GCC_OPTIMIZATION_LEVEL = 0;
				GCC_PREPROCESSOR_DEFINITIONS = (
					"DEBUG=1",
					"$(inherited)",
				);
				GCC_SYMBOLS_PRIVATE_EXTERN = NO;
				GCC_VERSION = com.apple.compilers.llvm.clang.1_0;
				GCC_WARN_ABOUT_MISSING_PROTOTYPES = YES;
				GCC_WARN_ABOUT_RETURN_TYPE = YES;
				GCC_WARN_UNUSED_VARIABLE = YES;
				IPHONEOS_DEPLOYMENT_TARGET = 3.2;
				SDKROOT = iphoneos;
				TARGETED_DEVICE_FAMILY = "1,2";
			};
			name = Debug;
		};
		8CB8297214EA74700053FBB7 /* Release */ = {
			isa = XCBuildConfiguration;
			buildSettings = {
				ALWAYS_SEARCH_USER_PATHS = NO;
				ARCHS = "$(ARCHS_STANDARD_32_BIT)";
				"CODE_SIGN_IDENTITY[sdk=iphoneos*]" = "iPhone Developer";
				COPY_PHASE_STRIP = YES;
				GCC_C_LANGUAGE_STANDARD = gnu99;
				GCC_VERSION = com.apple.compilers.llvm.clang.1_0;
				GCC_WARN_ABOUT_MISSING_PROTOTYPES = YES;
				GCC_WARN_ABOUT_RETURN_TYPE = YES;
				GCC_WARN_UNUSED_VARIABLE = YES;
				IPHONEOS_DEPLOYMENT_TARGET = 3.2;
				OTHER_CFLAGS = "-DNS_BLOCK_ASSERTIONS=1";
				SDKROOT = iphoneos;
				TARGETED_DEVICE_FAMILY = "1,2";
				VALIDATE_PRODUCT = YES;
			};
			name = Release;
		};
		8CB8297414EA74700053FBB7 /* Debug */ = {
			isa = XCBuildConfiguration;
			buildSettings = {
				GCC_PRECOMPILE_PREFIX_HEADER = YES;
				GCC_PREFIX_HEADER = "KSGridViewDemo/KSGridViewDemo-Prefix.pch";
				INFOPLIST_FILE = "KSGridViewDemo/KSGridViewDemo-Info.plist";
				PRODUCT_NAME = "$(TARGET_NAME)";
				WRAPPER_EXTENSION = app;
			};
			name = Debug;
		};
		8CB8297514EA74700053FBB7 /* Release */ = {
			isa = XCBuildConfiguration;
			buildSettings = {
				GCC_PRECOMPILE_PREFIX_HEADER = YES;
				GCC_PREFIX_HEADER = "KSGridViewDemo/KSGridViewDemo-Prefix.pch";
				INFOPLIST_FILE = "KSGridViewDemo/KSGridViewDemo-Info.plist";
				PRODUCT_NAME = "$(TARGET_NAME)";
				WRAPPER_EXTENSION = app;
			};
			name = Release;
		};
/* End XCBuildConfiguration section */

/* Begin XCConfigurationList section */
		8CB8295514EA74700053FBB7 /* Build configuration list for PBXProject "KSGridViewDemo" */ = {
			isa = XCConfigurationList;
			buildConfigurations = (
				8CB8297114EA74700053FBB7 /* Debug */,
				8CB8297214EA74700053FBB7 /* Release */,
			);
			defaultConfigurationIsVisible = 0;
			defaultConfigurationName = Release;
		};
		8CB8297314EA74700053FBB7 /* Build configuration list for PBXNativeTarget "KSGridViewDemo" */ = {
			isa = XCConfigurationList;
			buildConfigurations = (
				8CB8297414EA74700053FBB7 /* Debug */,
				8CB8297514EA74700053FBB7 /* Release */,
			);
			defaultConfigurationIsVisible = 0;
			defaultConfigurationName = Release;
		};
/* End XCConfigurationList section */
	};
	rootObject = 8CB8295214EA74700053FBB7 /* Project object */;
}
